
Microsoft Visual Studio Solution File, Format Version 12.00
# Visual Studio Version 17
VisualStudioVersion = 17.4.33103.184
MinimumVisualStudioVersion = 10.0.40219.1
Project("{8BC9CEB8-8B4A-11D0-8D11-00A0C91BC942}") = "projekt", "projekt.vcxproj", "{325BE38A-97F6-453B-9A8C-4D59AAF71103}"
EndProject
Global
	GlobalSection(SolutionConfigurationPlatforms) = preSolution
		Debug|x64 = Debug|x64
		Debug|x86 = Debug|x86
		Release|x64 = Release|x64
		Release|x86 = Release|x86
	EndGlobalSection
	GlobalSection(ProjectConfigurationPlatforms) = postSolution
		{325BE38A-97F6-453B-9A8C-4D59AAF71103}.Debug|x64.ActiveCfg = Debug|x64
		{325BE38A-97F6-453B-9A8C-4D59AAF71103}.Debug|x64.Build.0 = Debug|x64
		{325BE38A-97F6-453B-9A8C-4D59AAF71103}.Debug|x86.ActiveCfg = Debug|Win32
		{325BE38A-97F6-453B-9A8C-4D59AAF71103}.Debug|x86.Build.0 = Debug|Win32
		{325BE38A-97F6-453B-9A8C-4D59AAF71103}.Release|x64.ActiveCfg = Release|x64
		{325BE38A-97F6-453B-9A8C-4D59AAF71103}.Release|x64.Build.0 = Release|x64
		{325BE38A-97F6-453B-9A8C-4D59AAF71103}.Release|x86.ActiveCfg = Release|Win32
		{325BE38A-97F6-453B-9A8C-4D59AAF71103}.Release|x86.Build.0 = Release|Win32
	EndGlobalSection
	GlobalSection(SolutionProperties) = preSolution
		HideSolutionNode = FALSE
	EndGlobalSection
	GlobalSection(ExtensibilityGlobals) = postSolution
		SolutionGuid = {1E615FA4-BB40-426B-A375-00F4BE2EA8B5}
	EndGlobalSection
EndGlobal
